// !$*UTF8*$!
{
	archiveVersion = 1;
	classes = {
	};
	objectVersion = 46;
	objects = {

/* Begin PBXBuildFile section */
		8791ECDC1D7C8B5800FE06F7 /* AppDelegate.swift in Sources */ = {isa = PBXBuildFile; fileRef = 8791ECDB1D7C8B5800FE06F7 /* AppDelegate.swift */; };
		8791ECDE1D7C8B5800FE06F7 /* ViewController.swift in Sources */ = {isa = PBXBuildFile; fileRef = 8791ECDD1D7C8B5800FE06F7 /* ViewController.swift */; };
		8791ECE11D7C8B5800FE06F7 /* Main.storyboard in Resources */ = {isa = PBXBuildFile; fileRef = 8791ECDF1D7C8B5800FE06F7 /* Main.storyboard */; };
		8791ECE31D7C8B5800FE06F7 /* Assets.xcassets in Resources */ = {isa = PBXBuildFile; fileRef = 8791ECE21D7C8B5800FE06F7 /* Assets.xcassets */; };
		8791ECE61D7C8B5800FE06F7 /* LaunchScreen.storyboard in Resources */ = {isa = PBXBuildFile; fileRef = 8791ECE41D7C8B5800FE06F7 /* LaunchScreen.storyboard */; };
		8791ECF11D7C8B5800FE06F7 /* nsDefaultsTests.swift in Sources */ = {isa = PBXBuildFile; fileRef = 8791ECF01D7C8B5800FE06F7 /* nsDefaultsTests.swift */; };
		8791ECFC1D7C8B5800FE06F7 /* nsDefaultsUITests.swift in Sources */ = {isa = PBXBuildFile; fileRef = 8791ECFB1D7C8B5800FE06F7 /* nsDefaultsUITests.swift */; };
/* End PBXBuildFile section */

/* Begin PBXContainerItemProxy section */
		8791ECED1D7C8B5800FE06F7 /* PBXContainerItemProxy */ = {
			isa = PBXContainerItemProxy;
			containerPortal = 8791ECD01D7C8B5800FE06F7 /* Project object */;
			proxyType = 1;
			remoteGlobalIDString = 8791ECD71D7C8B5800FE06F7;
			remoteInfo = nsDefaults;
		};
		8791ECF81D7C8B5800FE06F7 /* PBXContainerItemProxy */ = {
			isa = PBXContainerItemProxy;
			containerPortal = 8791ECD01D7C8B5800FE06F7 /* Project object */;
			proxyType = 1;
			remoteGlobalIDString = 8791ECD71D7C8B5800FE06F7;
			remoteInfo = nsDefaults;
		};
/* End PBXContainerItemProxy section */

/* Begin PBXFileReference section */
		8791ECD81D7C8B5800FE06F7 /* nsDefaults.app */ = {isa = PBXFileReference; explicitFileType = wrapper.application; includeInIndex = 0; path = nsDefaults.app; sourceTree = BUILT_PRODUCTS_DIR; };
		8791ECDB1D7C8B5800FE06F7 /* AppDelegate.swift */ = {isa = PBXFileReference; lastKnownFileType = sourcecode.swift; path = AppDelegate.swift; sourceTree = "<group>"; };
		8791ECDD1D7C8B5800FE06F7 /* ViewController.swift */ = {isa = PBXFileReference; lastKnownFileType = sourcecode.swift; path = ViewController.swift; sourceTree = "<group>"; };
		8791ECE01D7C8B5800FE06F7 /* Base */ = {isa = PBXFileReference; lastKnownFileType = file.storyboard; name = Base; path = Base.lproj/Main.storyboard; sourceTree = "<group>"; };
		8791ECE21D7C8B5800FE06F7 /* Assets.xcassets */ = {isa = PBXFileReference; lastKnownFileType = folder.assetcatalog; path = Assets.xcassets; sourceTree = "<group>"; };
		8791ECE51D7C8B5800FE06F7 /* Base */ = {isa = PBXFileReference; lastKnownFileType = file.storyboard; name = Base; path = Base.lproj/LaunchScreen.storyboard; sourceTree = "<group>"; };
		8791ECE71D7C8B5800FE06F7 /* Info.plist */ = {isa = PBXFileReference; lastKnownFileType = text.plist.xml; path = Info.plist; sourceTree = "<group>"; };
		8791ECEC1D7C8B5800FE06F7 /* nsDefaultsTests.xctest */ = {isa = PBXFileReference; explicitFileType = wrapper.cfbundle; includeInIndex = 0; path = nsDefaultsTests.xctest; sourceTree = BUILT_PRODUCTS_DIR; };
		8791ECF01D7C8B5800FE06F7 /* nsDefaultsTests.swift */ = {isa = PBXFileReference; lastKnownFileType = sourcecode.swift; path = nsDefaultsTests.swift; sourceTree = "<group>"; };
		8791ECF21D7C8B5800FE06F7 /* Info.plist */ = {isa = PBXFileReference; lastKnownFileType = text.plist.xml; path = Info.plist; sourceTree = "<group>"; };
		8791ECF71D7C8B5800FE06F7 /* nsDefaultsUITests.xctest */ = {isa = PBXFileReference; explicitFileType = wrapper.cfbundle; includeInIndex = 0; path = nsDefaultsUITests.xctest; sourceTree = BUILT_PRODUCTS_DIR; };
		8791ECFB1D7C8B5800FE06F7 /* nsDefaultsUITests.swift */ = {isa = PBXFileReference; lastKnownFileType = sourcecode.swift; path = nsDefaultsUITests.swift; sourceTree = "<group>"; };
		8791ECFD1D7C8B5800FE06F7 /* Info.plist */ = {isa = PBXFileReference; lastKnownFileType = text.plist.xml; path = Info.plist; sourceTree = "<group>"; };
/* End PBXFileReference section */

/* Begin PBXFrameworksBuildPhase section */
		8791ECD51D7C8B5800FE06F7 /* Frameworks */ = {
			isa = PBXFrameworksBuildPhase;
			buildActionMask = 2147483647;
			files = (
			);
			runOnlyForDeploymentPostprocessing = 0;
		};
		8791ECE91D7C8B5800FE06F7 /* Frameworks */ = {
			isa = PBXFrameworksBuildPhase;
			buildActionMask = 2147483647;
			files = (
			);
			runOnlyForDeploymentPostprocessing = 0;
		};
		8791ECF41D7C8B5800FE06F7 /* Frameworks */ = {
			isa = PBXFrameworksBuildPhase;
			buildActionMask = 2147483647;
			files = (
			);
			runOnlyForDeploymentPostprocessing = 0;
		};
/* End PBXFrameworksBuildPhase section */

/* Begin PBXGroup section */
		8791ECCF1D7C8B5800FE06F7 = {
			isa = PBXGroup;
			children = (
				8791ECDA1D7C8B5800FE06F7 /* nsDefaults */,
				8791ECEF1D7C8B5800FE06F7 /* nsDefaultsTests */,
				8791ECFA1D7C8B5800FE06F7 /* nsDefaultsUITests */,
				8791ECD91D7C8B5800FE06F7 /* Products */,
			);
			sourceTree = "<group>";
		};
		8791ECD91D7C8B5800FE06F7 /* Products */ = {
			isa = PBXGroup;
			children = (
				8791ECD81D7C8B5800FE06F7 /* nsDefaults.app */,
				8791ECEC1D7C8B5800FE06F7 /* nsDefaultsTests.xctest */,
				8791ECF71D7C8B5800FE06F7 /* nsDefaultsUITests.xctest */,
			);
			name = Products;
			sourceTree = "<group>";
		};
		8791ECDA1D7C8B5800FE06F7 /* nsDefaults */ = {
			isa = PBXGroup;
			children = (
				8791ECDB1D7C8B5800FE06F7 /* AppDelegate.swift */,
				8791ECDD1D7C8B5800FE06F7 /* ViewController.swift */,
				8791ECDF1D7C8B5800FE06F7 /* Main.storyboard */,
				8791ECE21D7C8B5800FE06F7 /* Assets.xcassets */,
				8791ECE41D7C8B5800FE06F7 /* LaunchScreen.storyboard */,
				8791ECE71D7C8B5800FE06F7 /* Info.plist */,
			);
			path = nsDefaults;
			sourceTree = "<group>";
		};
		8791ECEF1D7C8B5800FE06F7 /* nsDefaultsTests */ = {
			isa = PBXGroup;
			children = (
				8791ECF01D7C8B5800FE06F7 /* nsDefaultsTests.swift */,
				8791ECF21D7C8B5800FE06F7 /* Info.plist */,
			);
			path = nsDefaultsTests;
			sourceTree = "<group>";
		};
		8791ECFA1D7C8B5800FE06F7 /* nsDefaultsUITests */ = {
			isa = PBXGroup;
			children = (
				8791ECFB1D7C8B5800FE06F7 /* nsDefaultsUITests.swift */,
				8791ECFD1D7C8B5800FE06F7 /* Info.plist */,
			);
			path = nsDefaultsUITests;
			sourceTree = "<group>";
		};
/* End PBXGroup section */

/* Begin PBXNativeTarget section */
		8791ECD71D7C8B5800FE06F7 /* nsDefaults */ = {
			isa = PBXNativeTarget;
			buildConfigurationList = 8791ED001D7C8B5800FE06F7 /* Build configuration list for PBXNativeTarget "nsDefaults" */;
			buildPhases = (
				8791ECD41D7C8B5800FE06F7 /* Sources */,
				8791ECD51D7C8B5800FE06F7 /* Frameworks */,
				8791ECD61D7C8B5800FE06F7 /* Resources */,
			);
			buildRules = (
			);
			dependencies = (
			);
			name = nsDefaults;
			productName = nsDefaults;
			productReference = 8791ECD81D7C8B5800FE06F7 /* nsDefaults.app */;
			productType = "com.apple.product-type.application";
		};
		8791ECEB1D7C8B5800FE06F7 /* nsDefaultsTests */ = {
			isa = PBXNativeTarget;
			buildConfigurationList = 8791ED031D7C8B5800FE06F7 /* Build configuration list for PBXNativeTarget "nsDefaultsTests" */;
			buildPhases = (
				8791ECE81D7C8B5800FE06F7 /* Sources */,
				8791ECE91D7C8B5800FE06F7 /* Frameworks */,
				8791ECEA1D7C8B5800FE06F7 /* Resources */,
			);
			buildRules = (
			);
			dependencies = (
				8791ECEE1D7C8B5800FE06F7 /* PBXTargetDependency */,
			);
			name = nsDefaultsTests;
			productName = nsDefaultsTests;
			productReference = 8791ECEC1D7C8B5800FE06F7 /* nsDefaultsTests.xctest */;
			productType = "com.apple.product-type.bundle.unit-test";
		};
		8791ECF61D7C8B5800FE06F7 /* nsDefaultsUITests */ = {
			isa = PBXNativeTarget;
			buildConfigurationList = 8791ED061D7C8B5800FE06F7 /* Build configuration list for PBXNativeTarget "nsDefaultsUITests" */;
			buildPhases = (
				8791ECF31D7C8B5800FE06F7 /* Sources */,
				8791ECF41D7C8B5800FE06F7 /* Frameworks */,
				8791ECF51D7C8B5800FE06F7 /* Resources */,
			);
			buildRules = (
			);
			dependencies = (
				8791ECF91D7C8B5800FE06F7 /* PBXTargetDependency */,
			);
			name = nsDefaultsUITests;
			productName = nsDefaultsUITests;
			productReference = 8791ECF71D7C8B5800FE06F7 /* nsDefaultsUITests.xctest */;
			productType = "com.apple.product-type.bundle.ui-testing";
		};
/* End PBXNativeTarget section */

/* Begin PBXProject section */
		8791ECD01D7C8B5800FE06F7 /* Project object */ = {
			isa = PBXProject;
			attributes = {
				LastSwiftUpdateCheck = 0730;
				LastUpgradeCheck = 0730;
				ORGANIZATIONNAME = JuanMorillios;
				TargetAttributes = {
					8791ECD71D7C8B5800FE06F7 = {
						CreatedOnToolsVersion = 7.3.1;
						DevelopmentTeam = 6ZJQ583HU9;
					};
					8791ECEB1D7C8B5800FE06F7 = {
						CreatedOnToolsVersion = 7.3.1;
						DevelopmentTeam = 6ZJQ583HU9;
						TestTargetID = 8791ECD71D7C8B5800FE06F7;
					};
					8791ECF61D7C8B5800FE06F7 = {
						CreatedOnToolsVersion = 7.3.1;
						DevelopmentTeam = 6ZJQ583HU9;
						TestTargetID = 8791ECD71D7C8B5800FE06F7;
					};
				};
			};
			buildConfigurationList = 8791ECD31D7C8B5800FE06F7 /* Build configuration list for PBXProject "nsDefaults" */;
			compatibilityVersion = "Xcode 3.2";
			developmentRegion = English;
			hasScannedForEncodings = 0;
			knownRegions = (
				en,
				Base,
			);
			mainGroup = 8791ECCF1D7C8B5800FE06F7;
			productRefGroup = 8791ECD91D7C8B5800FE06F7 /* Products */;
			projectDirPath = "";
			projectRoot = "";
			targets = (
				8791ECD71D7C8B5800FE06F7 /* nsDefaults */,
				8791ECEB1D7C8B5800FE06F7 /* nsDefaultsTests */,
				8791ECF61D7C8B5800FE06F7 /* nsDefaultsUITests */,
			);
		};
/* End PBXProject section */

/* Begin PBXResourcesBuildPhase section */
		8791ECD61D7C8B5800FE06F7 /* Resources */ = {
			isa = PBXResourcesBuildPhase;
			buildActionMask = 2147483647;
			files = (
				8791ECE61D7C8B5800FE06F7 /* LaunchScreen.storyboard in Resources */,
				8791ECE31D7C8B5800FE06F7 /* Assets.xcassets in Resources */,
				8791ECE11D7C8B5800FE06F7 /* Main.storyboard in Resources */,
			);
			runOnlyForDeploymentPostprocessing = 0;
		};
		8791ECEA1D7C8B5800FE06F7 /* Resources */ = {
			isa = PBXResourcesBuildPhase;
			buildActionMask = 2147483647;
			files = (
			);
			runOnlyForDeploymentPostprocessing = 0;
		};
		8791ECF51D7C8B5800FE06F7 /* Resources */ = {
			isa = PBXResourcesBuildPhase;
			buildActionMask = 2147483647;
			files = (
			);
			runOnlyForDeploymentPostprocessing = 0;
		};
/* End PBXResourcesBuildPhase section */

/* Begin PBXSourcesBuildPhase section */
		8791ECD41D7C8B5800FE06F7 /* Sources */ = {
			isa = PBXSourcesBuildPhase;
			buildActionMask = 2147483647;
			files = (
				8791ECDE1D7C8B5800FE06F7 /* ViewController.swift in Sources */,
				8791ECDC1D7C8B5800FE06F7 /* AppDelegate.swift in Sources */,
			);
			runOnlyForDeploymentPostprocessing = 0;
		};
		8791ECE81D7C8B5800FE06F7 /* Sources */ = {
			isa = PBXSourcesBuildPhase;
			buildActionMask = 2147483647;
			files = (
				8791ECF11D7C8B5800FE06F7 /* nsDefaultsTests.swift in Sources */,
			);
			runOnlyForDeploymentPostprocessing = 0;
		};
		8791ECF31D7C8B5800FE06F7 /* Sources */ = {
			isa = PBXSourcesBuildPhase;
			buildActionMask = 2147483647;
			files = (
				8791ECFC1D7C8B5800FE06F7 /* nsDefaultsUITests.swift in Sources */,
			);
			runOnlyForDeploymentPostprocessing = 0;
		};
/* End PBXSourcesBuildPhase section */

/* Begin PBXTargetDependency section */
		8791ECEE1D7C8B5800FE06F7 /* PBXTargetDependency */ = {
			isa = PBXTargetDependency;
			target = 8791ECD71D7C8B5800FE06F7 /* nsDefaults */;
			targetProxy = 8791ECED1D7C8B5800FE06F7 /* PBXContainerItemProxy */;
		};
		8791ECF91D7C8B5800FE06F7 /* PBXTargetDependency */ = {
			isa = PBXTargetDependency;
			target = 8791ECD71D7C8B5800FE06F7 /* nsDefaults */;
			targetProxy = 8791ECF81D7C8B5800FE06F7 /* PBXContainerItemProxy */;
		};
/* End PBXTargetDependency section */

/* Begin PBXVariantGroup section */
		8791ECDF1D7C8B5800FE06F7 /* Main.storyboard */ = {
			isa = PBXVariantGroup;
			children = (
				8791ECE01D7C8B5800FE06F7 /* Base */,
			);
			name = Main.storyboard;
			sourceTree = "<group>";
		};
		8791ECE41D7C8B5800FE06F7 /* LaunchScreen.storyboard */ = {
			isa = PBXVariantGroup;
			children = (
				8791ECE51D7C8B5800FE06F7 /* Base */,
			);
			name = LaunchScreen.storyboard;
			sourceTree = "<group>";
		};
/* End PBXVariantGroup section */

/* Begin XCBuildConfiguration section */
		8791ECFE1D7C8B5800FE06F7 /* Debug */ = {
			isa = XCBuildConfiguration;
			buildSettings = {
				ALWAYS_SEARCH_USER_PATHS = NO;
				CLANG_ANALYZER_NONNULL = YES;
				CLANG_CXX_LANGUAGE_STANDARD = "gnu++0x";
				CLANG_CXX_LIBRARY = "libc++";
				CLANG_ENABLE_MODULES = YES;
				CLANG_ENABLE_OBJC_ARC = YES;
				CLANG_WARN_BOOL_CONVERSION = YES;
				CLANG_WARN_CONSTANT_CONVERSION = YES;
				CLANG_WARN_DIRECT_OBJC_ISA_USAGE = YES_ERROR;
				CLANG_WARN_EMPTY_BODY = YES;
				CLANG_WARN_ENUM_CONVERSION = YES;
				CLANG_WARN_INT_CONVERSION = YES;
				CLANG_WARN_OBJC_ROOT_CLASS = YES_ERROR;
				CLANG_WARN_UNREACHABLE_CODE = YES;
				CLANG_WARN__DUPLICATE_METHOD_MATCH = YES;
				"CODE_SIGN_IDENTITY[sdk=iphoneos*]" = "iPhone Developer";
				COPY_PHASE_STRIP = NO;
				DEBUG_INFORMATION_FORMAT = dwarf;
				ENABLE_STRICT_OBJC_MSGSEND = YES;
				ENABLE_TESTABILITY = YES;
				GCC_C_LANGUAGE_STANDARD = gnu99;
				GCC_DYNAMIC_NO_PIC = NO;
				GCC_NO_COMMON_BLOCKS = YES;
				GCC_OPTIMIZATION_LEVEL = 0;
				GCC_PREPROCESSOR_DEFINITIONS = (
					"DEBUG=1",
					"$(inherited)",
				);
				GCC_WARN_64_TO_32_BIT_CONVERSION = YES;
				GCC_WARN_ABOUT_RETURN_TYPE = YES_ERROR;
				GCC_WARN_UNDECLARED_SELECTOR = YES;
				GCC_WARN_UNINITIALIZED_AUTOS = YES_AGGRESSIVE;
				GCC_WARN_UNUSED_FUNCTION = YES;
				GCC_WARN_UNUSED_VARIABLE = YES;
				IPHONEOS_DEPLOYMENT_TARGET = 9.3;
				MTL_ENABLE_DEBUG_INFO = YES;
				ONLY_ACTIVE_ARCH = YES;
				SDKROOT = iphoneos;
				SWIFT_OPTIMIZATION_LEVEL = "-Onone";
			};
			name = Debug;
		};
		8791ECFF1D7C8B5800FE06F7 /* Release */ = {
			isa = XCBuildConfiguration;
			buildSettings = {
				ALWAYS_SEARCH_USER_PATHS = NO;
				CLANG_ANALYZER_NONNULL = YES;
				CLANG_CXX_LANGUAGE_STANDARD = "gnu++0x";
				CLANG_CXX_LIBRARY = "libc++";
				CLANG_ENABLE_MODULES = YES;
				CLANG_ENABLE_OBJC_ARC = YES;
				CLANG_WARN_BOOL_CONVERSION = YES;
				CLANG_WARN_CONSTANT_CONVERSION = YES;
				CLANG_WARN_DIRECT_OBJC_ISA_USAGE = YES_ERROR;
				CLANG_WARN_EMPTY_BODY = YES;
				CLANG_WARN_ENUM_CONVERSION = YES;
				CLANG_WARN_INT_CONVERSION = YES;
				CLANG_WARN_OBJC_ROOT_CLASS = YES_ERROR;
				CLANG_WARN_UNREACHABLE_CODE = YES;
				CLANG_WARN__DUPLICATE_METHOD_MATCH = YES;
				"CODE_SIGN_IDENTITY[sdk=iphoneos*]" = "iPhone Developer";
				COPY_PHASE_STRIP = NO;
				DEBUG_INFORMATION_FORMAT = "dwarf-with-dsym";
				ENABLE_NS_ASSERTIONS = NO;
				ENABLE_STRICT_OBJC_MSGSEND = YES;
				GCC_C_LANGUAGE_STANDARD = gnu99;
				GCC_NO_COMMON_BLOCKS = YES;
				GCC_WARN_64_TO_32_BIT_CONVERSION = YES;
				GCC_WARN_ABOUT_RETURN_TYPE = YES_ERROR;
				GCC_WARN_UNDECLARED_SELECTOR = YES;
				GCC_WARN_UNINITIALIZED_AUTOS = YES_AGGRESSIVE;
				GCC_WARN_UNUSED_FUNCTION = YES;
				GCC_WARN_UNUSED_VARIABLE = YES;
				IPHONEOS_DEPLOYMENT_TARGET = 9.3;
				MTL_ENABLE_DEBUG_INFO = NO;
				SDKROOT = iphoneos;
				VALIDATE_PRODUCT = YES;
			};
			name = Release;
		};
		8791ED011D7C8B5800FE06F7 /* Debug */ = {
			isa = XCBuildConfiguration;
			buildSettings = {
				ASSETCATALOG_COMPILER_APPICON_NAME = AppIcon;
				INFOPLIST_FILE = nsDefaults/Info.plist;
				LD_RUNPATH_SEARCH_PATHS = "$(inherited) @executable_path/Frameworks";
				PRODUCT_BUNDLE_IDENTIFIER = com.juanmorillios.nsDefaults;
				PRODUCT_NAME = "$(TARGET_NAME)";
			};
			name = Debug;
		};
		8791ED021D7C8B5800FE06F7 /* Release */ = {
			isa = XCBuildConfiguration;
			buildSettings = {
				ASSETCATALOG_COMPILER_APPICON_NAME = AppIcon;
				INFOPLIST_FILE = nsDefaults/Info.plist;
				LD_RUNPATH_SEARCH_PATHS = "$(inherited) @executable_path/Frameworks";
				PRODUCT_BUNDLE_IDENTIFIER = com.juanmorillios.nsDefaults;
				PRODUCT_NAME = "$(TARGET_NAME)";
			};
			name = Release;
		};
		8791ED041D7C8B5800FE06F7 /* Debug */ = {
			isa = XCBuildConfiguration;
			buildSettings = {
				BUNDLE_LOADER = "$(TEST_HOST)";
				INFOPLIST_FILE = nsDefaultsTests/Info.plist;
				LD_RUNPATH_SEARCH_PATHS = "$(inherited) @executable_path/Frameworks @loader_path/Frameworks";
				PRODUCT_BUNDLE_IDENTIFIER = com.juanmorillios.nsDefaultsTests;
				PRODUCT_NAME = "$(TARGET_NAME)";
				TEST_HOST = "$(BUILT_PRODUCTS_DIR)/nsDefaults.app/nsDefaults";
			};
			name = Debug;
		};
		8791ED051D7C8B5800FE06F7 /* Release */ = {
			isa = XCBuildConfiguration;
			buildSettings = {
				BUNDLE_LOADER = "$(TEST_HOST)";
				INFOPLIST_FILE = nsDefaultsTests/Info.plist;
				LD_RUNPATH_SEARCH_PATHS = "$(inherited) @executable_path/Frameworks @loader_path/Frameworks";
				PRODUCT_BUNDLE_IDENTIFIER = com.juanmorillios.nsDefaultsTests;
				PRODUCT_NAME = "$(TARGET_NAME)";
				TEST_HOST = "$(BUILT_PRODUCTS_DIR)/nsDefaults.app/nsDefaults";
			};
			name = Release;
		};
		8791ED071D7C8B5800FE06F7 /* Debug */ = {
			isa = XCBuildConfiguration;
			buildSettings = {
				INFOPLIST_FILE = nsDefaultsUITests/Info.plist;
				LD_RUNPATH_SEARCH_PATHS = "$(inherited) @executable_path/Frameworks @loader_path/Frameworks";
				PRODUCT_BUNDLE_IDENTIFIER = com.juanmorillios.nsDefaultsUITests;
				PRODUCT_NAME = "$(TARGET_NAME)";
				TEST_TARGET_NAME = nsDefaults;
			};
			name = Debug;
		};
		8791ED081D7C8B5800FE06F7 /* Release */ = {
			isa = XCBuildConfiguration;
			buildSettings = {
				INFOPLIST_FILE = nsDefaultsUITests/Info.plist;
				LD_RUNPATH_SEARCH_PATHS = "$(inherited) @executable_path/Frameworks @loader_path/Frameworks";
				PRODUCT_BUNDLE_IDENTIFIER = com.juanmorillios.nsDefaultsUITests;
				PRODUCT_NAME = "$(TARGET_NAME)";
				TEST_TARGET_NAME = nsDefaults;
			};
			name = Release;
		};
/* End XCBuildConfiguration section */

/* Begin XCConfigurationList section */
		8791ECD31D7C8B5800FE06F7 /* Build configuration list for PBXProject "nsDefaults" */ = {
			isa = XCConfigurationList;
			buildConfigurations = (
				8791ECFE1D7C8B5800FE06F7 /* Debug */,
				8791ECFF1D7C8B5800FE06F7 /* Release */,
			);
			defaultConfigurationIsVisible = 0;
			defaultConfigurationName = Release;
		};
		8791ED001D7C8B5800FE06F7 /* Build configuration list for PBXNativeTarget "nsDefaults" */ = {
			isa = XCConfigurationList;
			buildConfigurations = (
				8791ED011D7C8B5800FE06F7 /* Debug */,
				8791ED021D7C8B5800FE06F7 /* Release */,
			);
			defaultConfigurationIsVisible = 0;
		};
		8791ED031D7C8B5800FE06F7 /* Build configuration list for PBXNativeTarget "nsDefaultsTests" */ = {
			isa = XCConfigurationList;
			buildConfigurations = (
				8791ED041D7C8B5800FE06F7 /* Debug */,
				8791ED051D7C8B5800FE06F7 /* Release */,
			);
			defaultConfigurationIsVisible = 0;
		};
		8791ED061D7C8B5800FE06F7 /* Build configuration list for PBXNativeTarget "nsDefaultsUITests" */ = {
			isa = XCConfigurationList;
			buildConfigurations = (
				8791ED071D7C8B5800FE06F7 /* Debug */,
				8791ED081D7C8B5800FE06F7 /* Release */,
			);
			defaultConfigurationIsVisible = 0;
		};
/* End XCConfigurationList section */
	};
	rootObject = 8791ECD01D7C8B5800FE06F7 /* Project object */;
}
